
Microsoft Visual Studio Solution File, Format Version 12.00
# Visual Studio Version 17
VisualStudioVersion = 17.0.31903.59
MinimumVisualStudioVersion = 10.0.40219.1
Project("{FAE04EC0-301F-11D3-BF4B-00C04F79EFBC}") = "SimFountainWetland", "SimFountainWetland.csproj", "{BC3D6FE3-7956-4C43-9F08-0768DA5EAE36}"
EndProject
Project("{2150E333-8FDC-42A3-9474-1A3956D46DE8}") = "src", "src", "{827E0CD3-B72D-47B6-A68D-7590B98EB39B}"
EndProject
Project("{FAE04EC0-301F-11D3-BF4B-00C04F79EFBC}") = "SimCore", "src\SimCore\SimCore.csproj", "{08F3898B-35EC-40CA-B5FE-477B17955356}"
EndProject
Project("{2150E333-8FDC-42A3-9474-1A3956D46DE8}") = "tests", "tests", "{0AB3BF05-4346-4AA6-1389-037BE0695223}"
EndProject
Project("{FAE04EC0-301F-11D3-BF4B-00C04F79EFBC}") = "SimCore.Tests", "tests\SimCore.Tests\SimCore.Tests.csproj", "{BD29C107-F1CF-40E1-9208-0A887C74B52E}"
EndProject
Global
	GlobalSection(SolutionConfigurationPlatforms) = preSolution
		Debug|Any CPU = Debug|Any CPU
		Debug|x64 = Debug|x64
		Debug|x86 = Debug|x86
		Release|Any CPU = Release|Any CPU
		Release|x64 = Release|x64
		Release|x86 = Release|x86
	EndGlobalSection
	GlobalSection(ProjectConfigurationPlatforms) = postSolution
		{BC3D6FE3-7956-4C43-9F08-0768DA5EAE36}.Debug|Any CPU.ActiveCfg = Debug|Any CPU
		{BC3D6FE3-7956-4C43-9F08-0768DA5EAE36}.Debug|Any CPU.Build.0 = Debug|Any CPU
		{BC3D6FE3-7956-4C43-9F08-0768DA5EAE36}.Debug|x64.ActiveCfg = Debug|Any CPU
		{BC3D6FE3-7956-4C43-9F08-0768DA5EAE36}.Debug|x64.Build.0 = Debug|Any CPU
		{BC3D6FE3-7956-4C43-9F08-0768DA5EAE36}.Debug|x86.ActiveCfg = Debug|Any CPU
		{BC3D6FE3-7956-4C43-9F08-0768DA5EAE36}.Debug|x86.Build.0 = Debug|Any CPU
		{BC3D6FE3-7956-4C43-9F08-0768DA5EAE36}.Release|Any CPU.ActiveCfg = Debug|Any CPU
		{BC3D6FE3-7956-4C43-9F08-0768DA5EAE36}.Release|Any CPU.Build.0 = Debug|Any CPU
		{BC3D6FE3-7956-4C43-9F08-0768DA5EAE36}.Release|x64.ActiveCfg = Debug|Any CPU
		{BC3D6FE3-7956-4C43-9F08-0768DA5EAE36}.Release|x64.Build.0 = Debug|Any CPU
		{BC3D6FE3-7956-4C43-9F08-0768DA5EAE36}.Release|x86.ActiveCfg = Debug|Any CPU
		{BC3D6FE3-7956-4C43-9F08-0768DA5EAE36}.Release|x86.Build.0 = Debug|Any CPU
		{08F3898B-35EC-40CA-B5FE-477B17955356}.Debug|Any CPU.ActiveCfg = Debug|Any CPU
		{08F3898B-35EC-40CA-B5FE-477B17955356}.Debug|Any CPU.Build.0 = Debug|Any CPU
		{08F3898B-35EC-40CA-B5FE-477B17955356}.Debug|x64.ActiveCfg = Debug|Any CPU
		{08F3898B-35EC-40CA-B5FE-477B17955356}.Debug|x64.Build.0 = Debug|Any CPU
		{08F3898B-35EC-40CA-B5FE-477B17955356}.Debug|x86.ActiveCfg = Debug|Any CPU
		{08F3898B-35EC-40CA-B5FE-477B17955356}.Debug|x86.Build.0 = Debug|Any CPU
		{08F3898B-35EC-40CA-B5FE-477B17955356}.Release|Any CPU.ActiveCfg = Release|Any CPU
		{08F3898B-35EC-40CA-B5FE-477B17955356}.Release|Any CPU.Build.0 = Release|Any CPU
		{08F3898B-35EC-40CA-B5FE-477B17955356}.Release|x64.ActiveCfg = Release|Any CPU
		{08F3898B-35EC-40CA-B5FE-477B17955356}.Release|x64.Build.0 = Release|Any CPU
		{08F3898B-35EC-40CA-B5FE-477B17955356}.Release|x86.ActiveCfg = Release|Any CPU
		{08F3898B-35EC-40CA-B5FE-477B17955356}.Release|x86.Build.0 = Release|Any CPU
		{BD29C107-F1CF-40E1-9208-0A887C74B52E}.Debug|Any CPU.ActiveCfg = Debug|Any CPU
		{BD29C107-F1CF-40E1-9208-0A887C74B52E}.Debug|Any CPU.Build.0 = Debug|Any CPU
		{BD29C107-F1CF-40E1-9208-0A887C74B52E}.Debug|x64.ActiveCfg = Debug|Any CPU
		{BD29C107-F1CF-40E1-9208-0A887C74B52E}.Debug|x64.Build.0 = Debug|Any CPU
		{BD29C107-F1CF-40E1-9208-0A887C74B52E}.Debug|x86.ActiveCfg = Debug|Any CPU
		{BD29C107-F1CF-40E1-9208-0A887C74B52E}.Debug|x86.Build.0 = Debug|Any CPU
		{BD29C107-F1CF-40E1-9208-0A887C74B52E}.Release|Any CPU.ActiveCfg = Release|Any CPU
		{BD29C107-F1CF-40E1-9208-0A887C74B52E}.Release|Any CPU.Build.0 = Release|Any CPU
		{BD29C107-F1CF-40E1-9208-0A887C74B52E}.Release|x64.ActiveCfg = Release|Any CPU
		{BD29C107-F1CF-40E1-9208-0A887C74B52E}.Release|x64.Build.0 = Release|Any CPU
		{BD29C107-F1CF-40E1-9208-0A887C74B52E}.Release|x86.ActiveCfg = Release|Any CPU
		{BD29C107-F1CF-40E1-9208-0A887C74B52E}.Release|x86.Build.0 = Release|Any CPU
	EndGlobalSection
	GlobalSection(SolutionProperties) = preSolution
		HideSolutionNode = FALSE
	EndGlobalSection
	GlobalSection(NestedProjects) = preSolution
		{08F3898B-35EC-40CA-B5FE-477B17955356} = {827E0CD3-B72D-47B6-A68D-7590B98EB39B}
		{BD29C107-F1CF-40E1-9208-0A887C74B52E} = {0AB3BF05-4346-4AA6-1389-037BE0695223}
	EndGlobalSection
EndGlobal
